
Microsoft Visual Studio Solution File, Format Version 12.00
# Visual Studio 2012
Project("{FAE04EC0-301F-11D3-BF4B-00C04F79EFBC}") = "FileContainer", "FileContainer\FileContainer.csproj", "{D512DBCD-0388-474A-AAAA-D3BE540659FD}"
EndProject
Global
	GlobalSection(SolutionConfigurationPlatforms) = preSolution
		Debug|Any CPU = Debug|Any CPU
		Release|Any CPU = Release|Any CPU
	EndGlobalSection
	GlobalSection(ProjectConfigurationPlatforms) = postSolution
		{D512DBCD-0388-474A-AAAA-D3BE540659FD}.Debug|Any CPU.ActiveCfg = Debug|Any CPU
		{D512DBCD-0388-474A-AAAA-D3BE540659FD}.Debug|Any CPU.Build.0 = Debug|Any CPU
		{D512DBCD-0388-474A-AAAA-D3BE540659FD}.Release|Any CPU.ActiveCfg = Release|Any CPU
		{D512DBCD-0388-474A-AAAA-D3BE540659FD}.Release|Any CPU.Build.0 = Release|Any CPU
	EndGlobalSection
	GlobalSection(SolutionProperties) = preSolution
		HideSolutionNode = FALSE
	EndGlobalSection
EndGlobal
